PODS:
  - Flutter (1.0.0)
  - integration_test (0.0.1):
    - Flutter
  - open_system_folder_ios (0.0.1):
    - Flutter

DEPENDENCIES:
  - Flutter (from `Flutter`)
  - integration_test (from `.symlinks/plugins/integration_test/ios`)
  - open_system_folder_ios (from `.symlinks/plugins/open_system_folder_ios/ios`)

EXTERNAL SOURCES:
  Flutter:
    :path: Flutter
  integration_test:
    :path: ".symlinks/plugins/integration_test/ios"
  open_system_folder_ios:
    :path: ".symlinks/plugins/open_system_folder_ios/ios"

SPEC CHECKSUMS:
  Flutter: e0871f40cf51350855a761d2e70bf5af5b9b5de7
  integration_test: ce0a3ffa1de96d1a89ca0ac26fca7ea18a749ef4
  open_system_folder_ios: 8112baa9384500d46436f368d7c25bf2676dc999

PODFILE CHECKSUM: c4c93c5f6502fe2754f48404d3594bf779584011

COCOAPODS: 1.15.2
